
Microsoft Visual Studio Solution File, Format Version 12.00
# Visual Studio Version 17
VisualStudioVersion = 17.2.32616.157
MinimumVisualStudioVersion = 10.0.40219.1
Project("{FAE04EC0-301F-11D3-BF4B-00C04F79EFBC}") = "KnowledgeCheck3_Refactoring", "KnowledgeCheck3_Refactoring\KnowledgeCheck3_Refactoring.csproj", "{FBCBD01F-D467-48DA-AB0B-9F408835C9AF}"
EndProject
Global
	GlobalSection(SolutionConfigurationPlatforms) = preSolution
		Debug|Any CPU = Debug|Any CPU
		Release|Any CPU = Release|Any CPU
	EndGlobalSection
	GlobalSection(ProjectConfigurationPlatforms) = postSolution
		{FBCBD01F-D467-48DA-AB0B-9F408835C9AF}.Debug|Any CPU.ActiveCfg = Debug|Any CPU
		{FBCBD01F-D467-48DA-AB0B-9F408835C9AF}.Debug|Any CPU.Build.0 = Debug|Any CPU
		{FBCBD01F-D467-48DA-AB0B-9F408835C9AF}.Release|Any CPU.ActiveCfg = Release|Any CPU
		{FBCBD01F-D467-48DA-AB0B-9F408835C9AF}.Release|Any CPU.Build.0 = Release|Any CPU
	EndGlobalSection
	GlobalSection(SolutionProperties) = preSolution
		HideSolutionNode = FALSE
	EndGlobalSection
	GlobalSection(ExtensibilityGlobals) = postSolution
		SolutionGuid = {433438C1-D08C-4B86-B91E-30203E3ED743}
	EndGlobalSection
EndGlobal
